{
  "name": "misao-reader",
  "version": "0.0.2",
  "lockfileVersion": 1,
  "dependencies": {
    "electron-in-page-search": {
      "version": "1.2.3",
      "resolved": "https://registry.npmjs.org/electron-in-page-search/-/electron-in-page-search-1.2.3.tgz",
      "integrity": "sha1-wWY7Fbo+ZG83HZrSeKHM6aennIA="
    },
    "electron-open-link-in-browser": {
      "version": "1.0.2",
      "resolved": "https://registry.npmjs.org/electron-open-link-in-browser/-/electron-open-link-in-browser-1.0.2.tgz",
      "integrity": "sha1-ZuXVhP3xDOfVcWu+XRLkGzVo8aM="
    },
    "iconv-lite": {
      "version": "0.4.18",
      "resolved": "https://registry.npmjs.org/iconv-lite/-/iconv-lite-0.4.18.tgz",
      "integrity": "sha512-sr1ZQph3UwHTR0XftSbK85OvBbxe/abLGzEnPENCQwmHf7sck8Oyu4ob3LgBxWWxRoM+QszeUyl7jbqapu2TqA=="
    },
    "is-electron-renderer": {
      "version": "2.0.1",
      "resolved": "https://registry.npmjs.org/is-electron-renderer/-/is-electron-renderer-2.0.1.tgz",
      "integrity": "sha1-pGnQVvl1aXxYyYxgI+sKp5r4laI="
    },
    "jquery": {
      "version": "3.2.1",
      "resolved": "https://registry.npmjs.org/jquery/-/jquery-3.2.1.tgz",
      "integrity": "sha1-XE2d5lKvbNCncBVKYxu6ErAVx4c="
    }
  }
}
